
Microsoft Visual Studio Solution File, Format Version 12.00
# Visual Studio 15
VisualStudioVersion = 15.0.28307.168
MinimumVisualStudioVersion = 10.0.40219.1
Project("{FAE04EC0-301F-11D3-BF4B-00C04F79EFBC}") = "Calculator.Test.Unit", "Calculator.Test.Unit\Calculator.Test.Unit.csproj", "{A1EA4D11-0C49-4F4C-96AF-26FD2F1BC6C3}"
EndProject
Project("{FAE04EC0-301F-11D3-BF4B-00C04F79EFBC}") = "Calculator", "Calculator\Calculator.csproj", "{CBE48014-57C4-4481-8AF8-1D114B592851}"
EndProject
Global
	GlobalSection(SolutionConfigurationPlatforms) = preSolution
		Debug|Any CPU = Debug|Any CPU
		Release|Any CPU = Release|Any CPU
	EndGlobalSection
	GlobalSection(ProjectConfigurationPlatforms) = postSolution
		{A1EA4D11-0C49-4F4C-96AF-26FD2F1BC6C3}.Debug|Any CPU.ActiveCfg = Debug|Any CPU
		{A1EA4D11-0C49-4F4C-96AF-26FD2F1BC6C3}.Debug|Any CPU.Build.0 = Debug|Any CPU
		{A1EA4D11-0C49-4F4C-96AF-26FD2F1BC6C3}.Release|Any CPU.ActiveCfg = Release|Any CPU
		{A1EA4D11-0C49-4F4C-96AF-26FD2F1BC6C3}.Release|Any CPU.Build.0 = Release|Any CPU
		{CBE48014-57C4-4481-8AF8-1D114B592851}.Debug|Any CPU.ActiveCfg = Debug|Any CPU
		{CBE48014-57C4-4481-8AF8-1D114B592851}.Debug|Any CPU.Build.0 = Debug|Any CPU
		{CBE48014-57C4-4481-8AF8-1D114B592851}.Release|Any CPU.ActiveCfg = Release|Any CPU
		{CBE48014-57C4-4481-8AF8-1D114B592851}.Release|Any CPU.Build.0 = Release|Any CPU
	EndGlobalSection
	GlobalSection(SolutionProperties) = preSolution
		HideSolutionNode = FALSE
	EndGlobalSection
	GlobalSection(ExtensibilityGlobals) = postSolution
		SolutionGuid = {8D26CC7D-003E-4036-86E5-548D3740C837}
	EndGlobalSection
EndGlobal
